<?xml version="1.0" encoding="utf-8"?>
<Project ToolsVersion="4.0" xmlns="http://schemas.microsoft.com/developer/msbuild/2003">
  <ItemGroup>
    <Filter Include="Source Files">
      <UniqueIdentifier>{4FC737F1-C7A5-4376-A066-2A32D752A2FF}</UniqueIdentifier>
      <Extensions>cpp;c;cc;cxx;def;odl;idl;hpj;bat;asm;asmx</Extensions>
    </Filter>
    <Filter Include="Header Files">
      <UniqueIdentifier>{93995380-89BD-4b04-88EB-625FBE52EBFB}</UniqueIdentifier>
      <Extensions>h;hpp;hxx;hm;inl;inc;xsd</Extensions>
    </Filter>
    <Filter Include="Resource Files">
      <UniqueIdentifier>{67DA6AB6-F800-4c08-8B7A-83BB121AAD01}</UniqueIdentifier>
      <Extensions>rc;ico;cur;bmp;dlg;rc2;rct;bin;rgs;gif;jpg;jpeg;jpe;resx;tiff;tif;png;wav;mfcribbon-ms</Extensions>
    </Filter>
    <Filter Include="Source Files\Rendering">
      <UniqueIdentifier>{a2a69fbb-117b-40b0-bd32-075f5bde6126}</UniqueIdentifier>
    </Filter>
    <Filter Include="Header Files\Rendering">
      <UniqueIdentifier>{c144540b-5e99-4c4e-b2be-d4209fa31acb}</UniqueIdentifier>
    </Filter>
    <Filter Include="Header Files\Utils">
      <UniqueIdentifier>{d3056fa5-253c-4a82-9f56-7268e7c72c66}</UniqueIdentifier>
    </Filter>
    <Filter Include="Source Files\Utils">
      <UniqueIdentifier>{ceb61359-e054-4be8-b93c-59099a3eb786}</UniqueIdentifier>
    </Filter>
    <Filter Include="Header Files\Win32">
      <UniqueIdentifier>{62fe5b7d-8f15-473b-a416-cfd0f8377471}</UniqueIdentifier>
    </Filter>
    <Filter Include="Source Files\Win32">
      <UniqueIdentifier>{886f6520-a252-48ee-b86a-7136467dffa2}</UniqueIdentifier>
    </Filter>
  </ItemGroup>
  <ItemGroup>
    <ClCompile Include="src\NFStringableBool.cpp">
      <Filter>Source Files\Utils</Filter>
    </ClCompile>
    <ClCompile Include="src\NFStringUtils.cpp">
      <Filter>Source Files\Utils</Filter>
    </ClCompile>
    <ClCompile Include="src\NFDllEntryPoint.cpp">
      <Filter>Source Files</Filter>
    </ClCompile>
    <ClCompile Include="src\NFEnginePCH.cpp">
      <Filter>Source Files</Filter>
    </ClCompile>
    <ClCompile Include="src\NFPrerequisites.cpp">
      <Filter>Source Files</Filter>
    </ClCompile>
    <ClCompile Include="src\Platform\NFPlatformManager.cpp">
      <Filter>Source Files</Filter>
    </ClCompile>
    <ClCompile Include="src\Platform\NFPlatform.cpp">
      <Filter>Source Files</Filter>
    </ClCompile>
    <ClCompile Include="src\Renderer\NFRenderer.cpp">
      <Filter>Source Files\Rendering</Filter>
    </ClCompile>
    <ClCompile Include="src\Renderer\NFRenderDeviceParameters.cpp">
      <Filter>Source Files\Rendering</Filter>
    </ClCompile>
    <ClCompile Include="src\Renderer\NFRenderDevice.cpp">
      <Filter>Source Files\Rendering</Filter>
    </ClCompile>
    <ClCompile Include="src\Renderer\NFResolution.cpp">
      <Filter>Source Files\Rendering</Filter>
    </ClCompile>
    <ClCompile Include="src\Renderer\NFScene.cpp">
      <Filter>Source Files</Filter>
    </ClCompile>
    <ClCompile Include="src\Renderer\NFSceneNode.cpp">
      <Filter>Source Files</Filter>
    </ClCompile>
    <ClCompile Include="src\Renderer\NFMesh.cpp">
      <Filter>Source Files\Rendering</Filter>
    </ClCompile>
    <ClCompile Include="src\Renderer\NFMaterial.cpp">
      <Filter>Source Files\Rendering</Filter>
    </ClCompile>
    <ClCompile Include="src\Renderer\NFEntity.cpp">
      <Filter>Source Files\Rendering</Filter>
    </ClCompile>
    <ClCompile Include="src\Renderer\NFMovableObject.cpp">
      <Filter>Source Files</Filter>
    </ClCompile>
    <ClCompile Include="src\Renderer\NFColourValue.cpp">
      <Filter>Source Files\Utils</Filter>
    </ClCompile>
    <ClCompile Include="src\Platform\NFRenderWindow.cpp">
      <Filter>Source Files</Filter>
    </ClCompile>
    <ClCompile Include="src\Memory\NFStackAllocator.cpp">
      <Filter>Source Files</Filter>
    </ClCompile>
    <ClCompile Include="src\Memory\NFIAllocator.cpp">
      <Filter>Source Files</Filter>
    </ClCompile>
    <ClCompile Include="src\Memory\NFDefaultAllocator.cpp">
      <Filter>Source Files</Filter>
    </ClCompile>
    <ClCompile Include="src\NFEngine.cpp">
      <Filter>Source Files</Filter>
    </ClCompile>
    <ClCompile Include="src\Utils\NFRational.cpp">
      <Filter>Source Files</Filter>
    </ClCompile>
    <ClCompile Include="src\Memory\NFBlockAllocator.cpp">
      <Filter>Source Files</Filter>
    </ClCompile>
    <ClCompile Include="src\Memory\NFProxyAllocator.cpp">
      <Filter>Source Files</Filter>
    </ClCompile>
  </ItemGroup>
  <ItemGroup>
    <ClInclude Include="resource.h">
      <Filter>Header Files</Filter>
    </ClInclude>
    <ClInclude Include="inc\NFResourceLoader.hpp">
      <Filter>Header Files\Rendering</Filter>
    </ClInclude>
    <ClInclude Include="inc\NFStringableBool.hpp">
      <Filter>Header Files\Utils</Filter>
    </ClInclude>
    <ClInclude Include="inc\NFStringableObject.hpp">
      <Filter>Header Files\Utils</Filter>
    </ClInclude>
    <ClInclude Include="inc\NFStringUtils.hpp">
      <Filter>Header Files\Utils</Filter>
    </ClInclude>
    <ClInclude Include="inc\NFDllEntryPoint.hpp">
      <Filter>Header Files</Filter>
    </ClInclude>
    <ClInclude Include="inc\NFEnginePCH.hpp">
      <Filter>Header Files</Filter>
    </ClInclude>
    <ClInclude Include="inc\NFMacros.hpp">
      <Filter>Header Files</Filter>
    </ClInclude>
    <ClInclude Include="inc\NFPrerequisites.hpp">
      <Filter>Header Files</Filter>
    </ClInclude>
    <ClInclude Include="inc\NFReferenceCounted.hpp">
      <Filter>Header Files</Filter>
    </ClInclude>
    <ClInclude Include="inc\NFSTLTypes.hpp">
      <Filter>Header Files</Filter>
    </ClInclude>
    <ClInclude Include="inc\Platform\NFPlatform.hpp">
      <Filter>Header Files</Filter>
    </ClInclude>
    <ClInclude Include="inc\Platform\NFPlatformManager.hpp">
      <Filter>Header Files</Filter>
    </ClInclude>
    <ClInclude Include="inc\Platform\NFNativeModule.hpp">
      <Filter>Header Files</Filter>
    </ClInclude>
    <ClInclude Include="inc\Renderer\NFRenderDevice.hpp">
      <Filter>Header Files\Rendering</Filter>
    </ClInclude>
    <ClInclude Include="inc\Renderer\NFRenderDeviceParameters.hpp">
      <Filter>Header Files\Rendering</Filter>
    </ClInclude>
    <ClInclude Include="inc\Renderer\NFRenderer.hpp">
      <Filter>Header Files\Rendering</Filter>
    </ClInclude>
    <ClInclude Include="inc\Renderer\NFResolution.hpp">
      <Filter>Header Files\Rendering</Filter>
    </ClInclude>
    <ClInclude Include="inc\Renderer\NFMesh.hpp">
      <Filter>Header Files\Rendering</Filter>
    </ClInclude>
    <ClInclude Include="inc\Renderer\NFMaterial.hpp">
      <Filter>Header Files\Rendering</Filter>
    </ClInclude>
    <ClInclude Include="inc\Renderer\NFScene.hpp">
      <Filter>Header Files\Rendering</Filter>
    </ClInclude>
    <ClInclude Include="inc\Renderer\NFSceneNode.hpp">
      <Filter>Header Files</Filter>
    </ClInclude>
    <ClInclude Include="inc\Renderer\NFShader.hpp">
      <Filter>Header Files\Rendering</Filter>
    </ClInclude>
    <ClInclude Include="inc\Renderer\NFEntity.hpp">
      <Filter>Header Files\Rendering</Filter>
    </ClInclude>
    <ClInclude Include="inc\Renderer\NFMovableObject.hpp">
      <Filter>Header Files</Filter>
    </ClInclude>
    <ClInclude Include="inc\Renderer\NFColourValue.hpp">
      <Filter>Header Files</Filter>
    </ClInclude>
    <ClInclude Include="inc\Platform\NFRenderWindow.hpp">
      <Filter>Header Files</Filter>
    </ClInclude>
    <ClInclude Include="inc\NFArrayUtils.hpp">
      <Filter>Header Files</Filter>
    </ClInclude>
    <ClInclude Include="inc\Memory\NFStackAllocator.hpp">
      <Filter>Header Files</Filter>
    </ClInclude>
    <ClInclude Include="inc\Memory\NFIAllocator.hpp">
      <Filter>Header Files</Filter>
    </ClInclude>
    <ClInclude Include="inc\NFEngine.hpp">
      <Filter>Header Files</Filter>
    </ClInclude>
    <ClInclude Include="inc\Memory\NFDefaultAllocator.hpp">
      <Filter>Header Files</Filter>
    </ClInclude>
    <ClInclude Include="inc\NFSTL\NFVector.hpp">
      <Filter>Header Files</Filter>
    </ClInclude>
    <ClInclude Include="inc\Utils\NFRational.hpp">
      <Filter>Header Files</Filter>
    </ClInclude>
    <ClInclude Include="inc\Memory\NFBlockAllocator.hpp">
      <Filter>Header Files</Filter>
    </ClInclude>
    <ClInclude Include="inc\NFSTL\NFTraits.hpp">
      <Filter>Header Files</Filter>
    </ClInclude>
    <ClInclude Include="inc\Memory\NFProxyAllocator.hpp">
      <Filter>Header Files</Filter>
    </ClInclude>
    <ClInclude Include="inc\NFSTL\NFVectorIterator.hpp">
      <Filter>Header Files</Filter>
    </ClInclude>
  </ItemGroup>
  <ItemGroup>
    <ResourceCompile Include="NiFrameEngine.rc">
      <Filter>Resource Files</Filter>
    </ResourceCompile>
  </ItemGroup>
  <ItemGroup>
    <None Include="inc\NFSTL\NFVector.inl">
      <Filter>Header Files</Filter>
    </None>
    <None Include="inc\NFSTL\NFVectorIterator.inl">
      <Filter>Header Files</Filter>
    </None>
  </ItemGroup>
</Project>