
Microsoft Visual Studio Solution File, Format Version 12.00
# Visual Studio 2013
VisualStudioVersion = 12.0.31101.0
MinimumVisualStudioVersion = 10.0.40219.1
Project("{8BC9CEB8-8B4A-11D0-8D11-00A0C91BC942}") = "NiFrameEngine", "NiFrameEngine\NiFrameEngine.vcxproj", "{CC0E65DC-D25C-4D6A-BED4-1031849881B7}"
	ProjectSection(ProjectDependencies) = postProject
		{92281BD6-BBB9-456D-BF18-DF505FEF6D4B} = {92281BD6-BBB9-456D-BF18-DF505FEF6D4B}
	EndProjectSection
EndProject
Project("{8BC9CEB8-8B4A-11D0-8D11-00A0C91BC942}") = "NiFrameApp", "NiFrameApp\NiFrameApp.vcxproj", "{7A5292CA-6C03-4CC8-82AF-8E6E451B4277}"
	ProjectSection(ProjectDependencies) = postProject
		{CC0E65DC-D25C-4D6A-BED4-1031849881B7} = {CC0E65DC-D25C-4D6A-BED4-1031849881B7}
	EndProjectSection
EndProject
Project("{8BC9CEB8-8B4A-11D0-8D11-00A0C91BC942}") = "MathLib", "lib\MathLib\MathLib\MathLib\MathLib.vcxproj", "{92281BD6-BBB9-456D-BF18-DF505FEF6D4B}"
EndProject
Project("{8BC9CEB8-8B4A-11D0-8D11-00A0C91BC942}") = "NiFrameWin32Platform", "NiFrameWin32Platform\NiFrameWin32Platform.vcxproj", "{AF8756FE-69EF-444F-AF8E-1BD78CB2ADBC}"
	ProjectSection(ProjectDependencies) = postProject
		{CC0E65DC-D25C-4D6A-BED4-1031849881B7} = {CC0E65DC-D25C-4D6A-BED4-1031849881B7}
	EndProjectSection
EndProject
Project("{8BC9CEB8-8B4A-11D0-8D11-00A0C91BC942}") = "NiFrameD3D11", "NiFrameD3D11\NiFrameD3D11.vcxproj", "{4C310F21-FA6D-4F8C-97AE-B84764047B42}"
	ProjectSection(ProjectDependencies) = postProject
		{CC0E65DC-D25C-4D6A-BED4-1031849881B7} = {CC0E65DC-D25C-4D6A-BED4-1031849881B7}
		{AF8756FE-69EF-444F-AF8E-1BD78CB2ADBC} = {AF8756FE-69EF-444F-AF8E-1BD78CB2ADBC}
	EndProjectSection
EndProject
Global
	GlobalSection(SolutionConfigurationPlatforms) = preSolution
		Debug|Mixed Platforms = Debug|Mixed Platforms
		Debug|ORBIS = Debug|ORBIS
		Debug|Win32 = Debug|Win32
		Debug|x64 = Debug|x64
		Release|Mixed Platforms = Release|Mixed Platforms
		Release|ORBIS = Release|ORBIS
		Release|Win32 = Release|Win32
		Release|x64 = Release|x64
	EndGlobalSection
	GlobalSection(ProjectConfigurationPlatforms) = postSolution
		{CC0E65DC-D25C-4D6A-BED4-1031849881B7}.Debug|Mixed Platforms.ActiveCfg = Debug|Win32
		{CC0E65DC-D25C-4D6A-BED4-1031849881B7}.Debug|Mixed Platforms.Build.0 = Debug|Win32
		{CC0E65DC-D25C-4D6A-BED4-1031849881B7}.Debug|ORBIS.ActiveCfg = Debug|ORBIS
		{CC0E65DC-D25C-4D6A-BED4-1031849881B7}.Debug|ORBIS.Build.0 = Debug|ORBIS
		{CC0E65DC-D25C-4D6A-BED4-1031849881B7}.Debug|Win32.ActiveCfg = Debug|Win32
		{CC0E65DC-D25C-4D6A-BED4-1031849881B7}.Debug|Win32.Build.0 = Debug|Win32
		{CC0E65DC-D25C-4D6A-BED4-1031849881B7}.Debug|x64.ActiveCfg = Debug|x64
		{CC0E65DC-D25C-4D6A-BED4-1031849881B7}.Debug|x64.Build.0 = Debug|x64
		{CC0E65DC-D25C-4D6A-BED4-1031849881B7}.Release|Mixed Platforms.ActiveCfg = Release|Win32
		{CC0E65DC-D25C-4D6A-BED4-1031849881B7}.Release|Mixed Platforms.Build.0 = Release|Win32
		{CC0E65DC-D25C-4D6A-BED4-1031849881B7}.Release|ORBIS.ActiveCfg = Release|ORBIS
		{CC0E65DC-D25C-4D6A-BED4-1031849881B7}.Release|ORBIS.Build.0 = Release|ORBIS
		{CC0E65DC-D25C-4D6A-BED4-1031849881B7}.Release|Win32.ActiveCfg = Release|Win32
		{CC0E65DC-D25C-4D6A-BED4-1031849881B7}.Release|Win32.Build.0 = Release|Win32
		{CC0E65DC-D25C-4D6A-BED4-1031849881B7}.Release|x64.ActiveCfg = Release|x64
		{CC0E65DC-D25C-4D6A-BED4-1031849881B7}.Release|x64.Build.0 = Release|x64
		{7A5292CA-6C03-4CC8-82AF-8E6E451B4277}.Debug|Mixed Platforms.ActiveCfg = Debug|Win32
		{7A5292CA-6C03-4CC8-82AF-8E6E451B4277}.Debug|Mixed Platforms.Build.0 = Debug|Win32
		{7A5292CA-6C03-4CC8-82AF-8E6E451B4277}.Debug|ORBIS.ActiveCfg = Debug|Win32
		{7A5292CA-6C03-4CC8-82AF-8E6E451B4277}.Debug|Win32.ActiveCfg = Debug|Win32
		{7A5292CA-6C03-4CC8-82AF-8E6E451B4277}.Debug|Win32.Build.0 = Debug|Win32
		{7A5292CA-6C03-4CC8-82AF-8E6E451B4277}.Debug|x64.ActiveCfg = Debug|x64
		{7A5292CA-6C03-4CC8-82AF-8E6E451B4277}.Debug|x64.Build.0 = Debug|x64
		{7A5292CA-6C03-4CC8-82AF-8E6E451B4277}.Release|Mixed Platforms.ActiveCfg = Release|Win32
		{7A5292CA-6C03-4CC8-82AF-8E6E451B4277}.Release|Mixed Platforms.Build.0 = Release|Win32
		{7A5292CA-6C03-4CC8-82AF-8E6E451B4277}.Release|ORBIS.ActiveCfg = Release|Win32
		{7A5292CA-6C03-4CC8-82AF-8E6E451B4277}.Release|Win32.ActiveCfg = Release|Win32
		{7A5292CA-6C03-4CC8-82AF-8E6E451B4277}.Release|Win32.Build.0 = Release|Win32
		{7A5292CA-6C03-4CC8-82AF-8E6E451B4277}.Release|x64.ActiveCfg = Release|x64
		{7A5292CA-6C03-4CC8-82AF-8E6E451B4277}.Release|x64.Build.0 = Release|x64
		{92281BD6-BBB9-456D-BF18-DF505FEF6D4B}.Debug|Mixed Platforms.ActiveCfg = Debug|Win32
		{92281BD6-BBB9-456D-BF18-DF505FEF6D4B}.Debug|Mixed Platforms.Build.0 = Debug|Win32
		{92281BD6-BBB9-456D-BF18-DF505FEF6D4B}.Debug|ORBIS.ActiveCfg = Debug|ORBIS
		{92281BD6-BBB9-456D-BF18-DF505FEF6D4B}.Debug|ORBIS.Build.0 = Debug|ORBIS
		{92281BD6-BBB9-456D-BF18-DF505FEF6D4B}.Debug|Win32.ActiveCfg = Debug|Win32
		{92281BD6-BBB9-456D-BF18-DF505FEF6D4B}.Debug|Win32.Build.0 = Debug|Win32
		{92281BD6-BBB9-456D-BF18-DF505FEF6D4B}.Debug|x64.ActiveCfg = Debug|x64
		{92281BD6-BBB9-456D-BF18-DF505FEF6D4B}.Debug|x64.Build.0 = Debug|x64
		{92281BD6-BBB9-456D-BF18-DF505FEF6D4B}.Release|Mixed Platforms.ActiveCfg = Release|Win32
		{92281BD6-BBB9-456D-BF18-DF505FEF6D4B}.Release|Mixed Platforms.Build.0 = Release|Win32
		{92281BD6-BBB9-456D-BF18-DF505FEF6D4B}.Release|ORBIS.ActiveCfg = Release|ORBIS
		{92281BD6-BBB9-456D-BF18-DF505FEF6D4B}.Release|ORBIS.Build.0 = Release|ORBIS
		{92281BD6-BBB9-456D-BF18-DF505FEF6D4B}.Release|Win32.ActiveCfg = Release|Win32
		{92281BD6-BBB9-456D-BF18-DF505FEF6D4B}.Release|Win32.Build.0 = Release|Win32
		{92281BD6-BBB9-456D-BF18-DF505FEF6D4B}.Release|x64.ActiveCfg = Release|x64
		{92281BD6-BBB9-456D-BF18-DF505FEF6D4B}.Release|x64.Build.0 = Release|x64
		{AF8756FE-69EF-444F-AF8E-1BD78CB2ADBC}.Debug|Mixed Platforms.ActiveCfg = Debug|Win32
		{AF8756FE-69EF-444F-AF8E-1BD78CB2ADBC}.Debug|Mixed Platforms.Build.0 = Debug|Win32
		{AF8756FE-69EF-444F-AF8E-1BD78CB2ADBC}.Debug|ORBIS.ActiveCfg = Debug|Win32
		{AF8756FE-69EF-444F-AF8E-1BD78CB2ADBC}.Debug|Win32.ActiveCfg = Debug|Win32
		{AF8756FE-69EF-444F-AF8E-1BD78CB2ADBC}.Debug|Win32.Build.0 = Debug|Win32
		{AF8756FE-69EF-444F-AF8E-1BD78CB2ADBC}.Debug|x64.ActiveCfg = Debug|x64
		{AF8756FE-69EF-444F-AF8E-1BD78CB2ADBC}.Debug|x64.Build.0 = Debug|x64
		{AF8756FE-69EF-444F-AF8E-1BD78CB2ADBC}.Release|Mixed Platforms.ActiveCfg = Release|Win32
		{AF8756FE-69EF-444F-AF8E-1BD78CB2ADBC}.Release|Mixed Platforms.Build.0 = Release|Win32
		{AF8756FE-69EF-444F-AF8E-1BD78CB2ADBC}.Release|ORBIS.ActiveCfg = Release|Win32
		{AF8756FE-69EF-444F-AF8E-1BD78CB2ADBC}.Release|Win32.ActiveCfg = Release|Win32
		{AF8756FE-69EF-444F-AF8E-1BD78CB2ADBC}.Release|Win32.Build.0 = Release|Win32
		{AF8756FE-69EF-444F-AF8E-1BD78CB2ADBC}.Release|x64.ActiveCfg = Release|x64
		{AF8756FE-69EF-444F-AF8E-1BD78CB2ADBC}.Release|x64.Build.0 = Release|x64
		{4C310F21-FA6D-4F8C-97AE-B84764047B42}.Debug|Mixed Platforms.ActiveCfg = Debug|Win32
		{4C310F21-FA6D-4F8C-97AE-B84764047B42}.Debug|Mixed Platforms.Build.0 = Debug|Win32
		{4C310F21-FA6D-4F8C-97AE-B84764047B42}.Debug|ORBIS.ActiveCfg = Debug|Win32
		{4C310F21-FA6D-4F8C-97AE-B84764047B42}.Debug|Win32.ActiveCfg = Debug|Win32
		{4C310F21-FA6D-4F8C-97AE-B84764047B42}.Debug|Win32.Build.0 = Debug|Win32
		{4C310F21-FA6D-4F8C-97AE-B84764047B42}.Debug|x64.ActiveCfg = Debug|x64
		{4C310F21-FA6D-4F8C-97AE-B84764047B42}.Debug|x64.Build.0 = Debug|x64
		{4C310F21-FA6D-4F8C-97AE-B84764047B42}.Release|Mixed Platforms.ActiveCfg = Release|Win32
		{4C310F21-FA6D-4F8C-97AE-B84764047B42}.Release|Mixed Platforms.Build.0 = Release|Win32
		{4C310F21-FA6D-4F8C-97AE-B84764047B42}.Release|ORBIS.ActiveCfg = Release|Win32
		{4C310F21-FA6D-4F8C-97AE-B84764047B42}.Release|Win32.ActiveCfg = Release|Win32
		{4C310F21-FA6D-4F8C-97AE-B84764047B42}.Release|Win32.Build.0 = Release|Win32
		{4C310F21-FA6D-4F8C-97AE-B84764047B42}.Release|x64.ActiveCfg = Release|x64
		{4C310F21-FA6D-4F8C-97AE-B84764047B42}.Release|x64.Build.0 = Release|x64
	EndGlobalSection
	GlobalSection(SolutionProperties) = preSolution
		HideSolutionNode = FALSE
	EndGlobalSection
EndGlobal
